Microsoft Visual Studio Solution File, Format Version 11.00
# Visual Studio 2008

Project("{8577542A-0875-19DD-CD58-95847A809B0C}") = "BBixler_UATanks", "Assembly-CSharp.csproj", "{8D79BBFD-C2BA-ADC2-7586-F06DC0E41A88}"
EndProject
Global
	GlobalSection(SolutionConfigurationPlatforms) = preSolution
		Debug|Any CPU = Debug|Any CPU
		Release|Any CPU = Release|Any CPU
	EndGlobalSection
	GlobalSection(ProjectConfigurationPlatforms) = postSolution
		{8D79BBFD-C2BA-ADC2-7586-F06DC0E41A88}.Debug|Any CPU.ActiveCfg = Debug|Any CPU
		{8D79BBFD-C2BA-ADC2-7586-F06DC0E41A88}.Debug|Any CPU.Build.0 = Debug|Any CPU
		{8D79BBFD-C2BA-ADC2-7586-F06DC0E41A88}.Release|Any CPU.ActiveCfg = Release|Any CPU
		{8D79BBFD-C2BA-ADC2-7586-F06DC0E41A88}.Release|Any CPU.Build.0 = Release|Any CPU
	EndGlobalSection
	GlobalSection(SolutionProperties) = preSolution
		HideSolutionNode = FALSE
	EndGlobalSection
	GlobalSection(MonoDevelopProperties) = preSolution
		StartupItem = Assembly-CSharp.csproj
	EndGlobalSection
EndGlobal
